
Microsoft Visual Studio Solution File, Format Version 12.00
# Visual Studio Version 17
VisualStudioVersion = 17.2.32616.157
MinimumVisualStudioVersion = 10.0.40219.1
Project("{FAE04EC0-301F-11D3-BF4B-00C04F79EFBC}") = "StudentsMVC", "StudentsMVC\StudentsMVC.csproj", "{1C2E5954-5C82-4B5D-A189-CE1B01E225AA}"
EndProject
Global
	GlobalSection(SolutionConfigurationPlatforms) = preSolution
		Debug|Any CPU = Debug|Any CPU
		Release|Any CPU = Release|Any CPU
	EndGlobalSection
	GlobalSection(ProjectConfigurationPlatforms) = postSolution
		{1C2E5954-5C82-4B5D-A189-CE1B01E225AA}.Debug|Any CPU.ActiveCfg = Debug|Any CPU
		{1C2E5954-5C82-4B5D-A189-CE1B01E225AA}.Debug|Any CPU.Build.0 = Debug|Any CPU
		{1C2E5954-5C82-4B5D-A189-CE1B01E225AA}.Release|Any CPU.ActiveCfg = Release|Any CPU
		{1C2E5954-5C82-4B5D-A189-CE1B01E225AA}.Release|Any CPU.Build.0 = Release|Any CPU
	EndGlobalSection
	GlobalSection(SolutionProperties) = preSolution
		HideSolutionNode = FALSE
	EndGlobalSection
	GlobalSection(ExtensibilityGlobals) = postSolution
		SolutionGuid = {FDDD51CE-3824-4AD1-B0F4-F41F1042E390}
	EndGlobalSection
EndGlobal
